
Microsoft Visual Studio Solution File, Format Version 12.00
# Visual Studio Version 17
VisualStudioVersion = 17.11.35327.3
MinimumVisualStudioVersion = 10.0.40219.1
Project("{FAE04EC0-301F-11D3-BF4B-00C04F79EFBC}") = "BootlegTetris", "BootlegTetris.csproj", "{5344E6DF-AAB2-4835-834C-9FAFBE615AE6}"
EndProject
Global
	GlobalSection(SolutionConfigurationPlatforms) = preSolution
		Debug|Any CPU = Debug|Any CPU
		Release|Any CPU = Release|Any CPU
	EndGlobalSection
	GlobalSection(ProjectConfigurationPlatforms) = postSolution
		{5344E6DF-AAB2-4835-834C-9FAFBE615AE6}.Debug|Any CPU.ActiveCfg = Debug|Any CPU
		{5344E6DF-AAB2-4835-834C-9FAFBE615AE6}.Debug|Any CPU.Build.0 = Debug|Any CPU
		{5344E6DF-AAB2-4835-834C-9FAFBE615AE6}.Release|Any CPU.ActiveCfg = Release|Any CPU
		{5344E6DF-AAB2-4835-834C-9FAFBE615AE6}.Release|Any CPU.Build.0 = Release|Any CPU
	EndGlobalSection
	GlobalSection(SolutionProperties) = preSolution
		HideSolutionNode = FALSE
	EndGlobalSection
	GlobalSection(ExtensibilityGlobals) = postSolution
		SolutionGuid = {B2DA6054-A993-4E81-9994-6EA3EAE31177}
	EndGlobalSection
EndGlobal
